
Microsoft Visual Studio Solution File, Format Version 12.00
# Visual Studio Version 16
VisualStudioVersion = 16.0.29920.165
MinimumVisualStudioVersion = 10.0.40219.1
Project("{FAE04EC0-301F-11D3-BF4B-00C04F79EFBC}") = "Asynchronous Programming", "Asynchronous Programming\Asynchronous Programming.csproj", "{6E8F0347-B074-4035-BF0B-604E7E002F1C}"
EndProject
Global
	GlobalSection(SolutionConfigurationPlatforms) = preSolution
		Debug|Any CPU = Debug|Any CPU
		Release|Any CPU = Release|Any CPU
	EndGlobalSection
	GlobalSection(ProjectConfigurationPlatforms) = postSolution
		{6E8F0347-B074-4035-BF0B-604E7E002F1C}.Debug|Any CPU.ActiveCfg = Debug|Any CPU
		{6E8F0347-B074-4035-BF0B-604E7E002F1C}.Debug|Any CPU.Build.0 = Debug|Any CPU
		{6E8F0347-B074-4035-BF0B-604E7E002F1C}.Release|Any CPU.ActiveCfg = Release|Any CPU
		{6E8F0347-B074-4035-BF0B-604E7E002F1C}.Release|Any CPU.Build.0 = Release|Any CPU
	EndGlobalSection
	GlobalSection(SolutionProperties) = preSolution
		HideSolutionNode = FALSE
	EndGlobalSection
	GlobalSection(ExtensibilityGlobals) = postSolution
		SolutionGuid = {9994F701-3B1E-4DDE-B047-2D668D2E71DE}
	EndGlobalSection
EndGlobal
